
Microsoft Visual Studio Solution File, Format Version 12.00
# Visual Studio Version 16
VisualStudioVersion = 25.0.1703.5
MinimumVisualStudioVersion = 10.0.40219.1
Project("{FAE04EC0-301F-11D3-BF4B-00C04F79EFBC}") = "skriva-till-fil", "skriva-till-fil.csproj", "{B0D5D4FB-BC7F-4608-A945-3202D935290A}"
EndProject
Global
	GlobalSection(SolutionConfigurationPlatforms) = preSolution
		Debug|Any CPU = Debug|Any CPU
		Release|Any CPU = Release|Any CPU
	EndGlobalSection
	GlobalSection(ProjectConfigurationPlatforms) = postSolution
		{B0D5D4FB-BC7F-4608-A945-3202D935290A}.Debug|Any CPU.ActiveCfg = Debug|Any CPU
		{B0D5D4FB-BC7F-4608-A945-3202D935290A}.Debug|Any CPU.Build.0 = Debug|Any CPU
		{B0D5D4FB-BC7F-4608-A945-3202D935290A}.Release|Any CPU.ActiveCfg = Release|Any CPU
		{B0D5D4FB-BC7F-4608-A945-3202D935290A}.Release|Any CPU.Build.0 = Release|Any CPU
	EndGlobalSection
	GlobalSection(SolutionProperties) = preSolution
		HideSolutionNode = FALSE
	EndGlobalSection
	GlobalSection(ExtensibilityGlobals) = postSolution
		SolutionGuid = {909695DB-DC2A-47CB-AFB7-DEE0227C203B}
	EndGlobalSection
EndGlobal
